
Microsoft Visual Studio Solution File, Format Version 12.00
# Visual Studio 14
VisualStudioVersion = 14.0.25420.1
MinimumVisualStudioVersion = 10.0.40219.1
Project("{FAE04EC0-301F-11D3-BF4B-00C04F79EFBC}") = "Galaga", "Galaga\Galaga\Galaga.csproj", "{569C59BA-2C98-4E2E-810D-E19897390D7C}"
EndProject
Project("{96E2B04D-8817-42C6-938A-82C39BA4D311}") = "GalagaContent", "Galaga\GalagaContent\GalagaContent.contentproj", "{44D51A0C-A649-44A2-A7E3-39D9792A4354}"
EndProject
Global
	GlobalSection(SolutionConfigurationPlatforms) = preSolution
		Debug|x86 = Debug|x86
		Release|x86 = Release|x86
	EndGlobalSection
	GlobalSection(ProjectConfigurationPlatforms) = postSolution
		{569C59BA-2C98-4E2E-810D-E19897390D7C}.Debug|x86.ActiveCfg = Debug|x86
		{569C59BA-2C98-4E2E-810D-E19897390D7C}.Debug|x86.Build.0 = Debug|x86
		{569C59BA-2C98-4E2E-810D-E19897390D7C}.Release|x86.ActiveCfg = Release|x86
		{569C59BA-2C98-4E2E-810D-E19897390D7C}.Release|x86.Build.0 = Release|x86
		{44D51A0C-A649-44A2-A7E3-39D9792A4354}.Debug|x86.ActiveCfg = Debug|x86
		{44D51A0C-A649-44A2-A7E3-39D9792A4354}.Release|x86.ActiveCfg = Release|x86
	EndGlobalSection
	GlobalSection(SolutionProperties) = preSolution
		HideSolutionNode = FALSE
	EndGlobalSection
EndGlobal
